
Microsoft Visual Studio Solution File, Format Version 12.00
# Visual Studio Version 17
VisualStudioVersion = 17.6.33829.357
MinimumVisualStudioVersion = 10.0.40219.1
Project("{FAE04EC0-301F-11D3-BF4B-00C04F79EFBC}") = "OgrenciKayitSistemi", "OgrenciKayitSistemi\OgrenciKayitSistemi.csproj", "{BA9701DD-A36D-4EAB-8104-5176D5D9DB99}"
EndProject
Global
	GlobalSection(SolutionConfigurationPlatforms) = preSolution
		Debug|Any CPU = Debug|Any CPU
		Release|Any CPU = Release|Any CPU
	EndGlobalSection
	GlobalSection(ProjectConfigurationPlatforms) = postSolution
		{BA9701DD-A36D-4EAB-8104-5176D5D9DB99}.Debug|Any CPU.ActiveCfg = Debug|Any CPU
		{BA9701DD-A36D-4EAB-8104-5176D5D9DB99}.Debug|Any CPU.Build.0 = Debug|Any CPU
		{BA9701DD-A36D-4EAB-8104-5176D5D9DB99}.Release|Any CPU.ActiveCfg = Release|Any CPU
		{BA9701DD-A36D-4EAB-8104-5176D5D9DB99}.Release|Any CPU.Build.0 = Release|Any CPU
	EndGlobalSection
	GlobalSection(SolutionProperties) = preSolution
		HideSolutionNode = FALSE
	EndGlobalSection
	GlobalSection(ExtensibilityGlobals) = postSolution
		SolutionGuid = {81464481-B5BC-47C0-B986-F533B5CAEF30}
	EndGlobalSection
EndGlobal
